// !$*UTF8*$!
{
	archiveVersion = 1;
	classes = {
	};
	objectVersion = 56;
	objects = {

/* Begin PBXBuildFile section */
		F526ED4C2A9227B200D78597 /* WelcomeViewModel.swift in Sources */ = {isa = PBXBuildFile; fileRef = F526ED4B2A9227B200D78597 /* WelcomeViewModel.swift */; };
		F55116BC29E56BB60059100D /* WinningScreen.swift in Sources */ = {isa = PBXBuildFile; fileRef = F55116BB29E56BB60059100D /* WinningScreen.swift */; };
		F55116BE29E571270059100D /* WelcomeScreen.swift in Sources */ = {isa = PBXBuildFile; fileRef = F55116BD29E571270059100D /* WelcomeScreen.swift */; };
		F5591C6B29E2DD860011A1E8 /* MCOneApp.swift in Sources */ = {isa = PBXBuildFile; fileRef = F5591C6A29E2DD860011A1E8 /* MCOneApp.swift */; };
		F5591C6D29E2DD860011A1E8 /* ContentView.swift in Sources */ = {isa = PBXBuildFile; fileRef = F5591C6C29E2DD860011A1E8 /* ContentView.swift */; };
		F5591C6F29E2DD870011A1E8 /* Assets.xcassets in Resources */ = {isa = PBXBuildFile; fileRef = F5591C6E29E2DD870011A1E8 /* Assets.xcassets */; };
		F5591C7229E2DD870011A1E8 /* Preview Assets.xcassets in Resources */ = {isa = PBXBuildFile; fileRef = F5591C7129E2DD870011A1E8 /* Preview Assets.xcassets */; };
		F57D4A0B2A9232A300CDF76B /* QuestionModel.swift in Sources */ = {isa = PBXBuildFile; fileRef = F57D4A0A2A9232A300CDF76B /* QuestionModel.swift */; };
		F57D4A0F2A92352400CDF76B /* GamePlayViewModel.swift in Sources */ = {isa = PBXBuildFile; fileRef = F57D4A0E2A92352400CDF76B /* GamePlayViewModel.swift */; };
		F57D4A112A92391700CDF76B /* ButtonPlayView.swift in Sources */ = {isa = PBXBuildFile; fileRef = F57D4A102A92391700CDF76B /* ButtonPlayView.swift */; };
		F57D4A132A923F2400CDF76B /* QuestionView.swift in Sources */ = {isa = PBXBuildFile; fileRef = F57D4A122A923F2400CDF76B /* QuestionView.swift */; };
		F57D4A152A923FC800CDF76B /* AnswerView.swift in Sources */ = {isa = PBXBuildFile; fileRef = F57D4A142A923FC800CDF76B /* AnswerView.swift */; };
		F57D4A172A92407300CDF76B /* ListQuestionView.swift in Sources */ = {isa = PBXBuildFile; fileRef = F57D4A162A92407300CDF76B /* ListQuestionView.swift */; };
		F57D4A192A9240DB00CDF76B /* PopupCorrectAnswerView.swift in Sources */ = {isa = PBXBuildFile; fileRef = F57D4A182A9240DB00CDF76B /* PopupCorrectAnswerView.swift */; };
		F57D4A1B2A9240FA00CDF76B /* PopupWrongAnswerView.swift in Sources */ = {isa = PBXBuildFile; fileRef = F57D4A1A2A9240FA00CDF76B /* PopupWrongAnswerView.swift */; };
		F57D4A1D2A92414100CDF76B /* PopupFinished.swift in Sources */ = {isa = PBXBuildFile; fileRef = F57D4A1C2A92414100CDF76B /* PopupFinished.swift */; };
		F57D4A1F2A9241AF00CDF76B /* PopupReplayGame.swift in Sources */ = {isa = PBXBuildFile; fileRef = F57D4A1E2A9241AF00CDF76B /* PopupReplayGame.swift */; };
		F57D4A212A9241E100CDF76B /* PopupGuidance.swift in Sources */ = {isa = PBXBuildFile; fileRef = F57D4A202A9241E100CDF76B /* PopupGuidance.swift */; };
		F57D4A242A92422200CDF76B /* DTDropTarget.swift in Sources */ = {isa = PBXBuildFile; fileRef = F57D4A232A92422200CDF76B /* DTDropTarget.swift */; };
		F5A86B3B2A8F6A3A0078282A /* ImageWithAnimation.swift in Sources */ = {isa = PBXBuildFile; fileRef = F5A86B3A2A8F6A3A0078282A /* ImageWithAnimation.swift */; };
/* End PBXBuildFile section */

/* Begin PBXFileReference section */
		F526ED4B2A9227B200D78597 /* WelcomeViewModel.swift */ = {isa = PBXFileReference; lastKnownFileType = sourcecode.swift; path = WelcomeViewModel.swift; sourceTree = "<group>"; };
		F55116BB29E56BB60059100D /* WinningScreen.swift */ = {isa = PBXFileReference; lastKnownFileType = sourcecode.swift; path = WinningScreen.swift; sourceTree = "<group>"; };
		F55116BD29E571270059100D /* WelcomeScreen.swift */ = {isa = PBXFileReference; lastKnownFileType = sourcecode.swift; path = WelcomeScreen.swift; sourceTree = "<group>"; };
		F5591C6729E2DD860011A1E8 /* MCOne.app */ = {isa = PBXFileReference; explicitFileType = wrapper.application; includeInIndex = 0; path = MCOne.app; sourceTree = BUILT_PRODUCTS_DIR; };
		F5591C6A29E2DD860011A1E8 /* MCOneApp.swift */ = {isa = PBXFileReference; lastKnownFileType = sourcecode.swift; path = MCOneApp.swift; sourceTree = "<group>"; };
		F5591C6C29E2DD860011A1E8 /* ContentView.swift */ = {isa = PBXFileReference; lastKnownFileType = sourcecode.swift; path = ContentView.swift; sourceTree = "<group>"; };
		F5591C6E29E2DD870011A1E8 /* Assets.xcassets */ = {isa = PBXFileReference; lastKnownFileType = folder.assetcatalog; path = Assets.xcassets; sourceTree = "<group>"; };
		F5591C7129E2DD870011A1E8 /* Preview Assets.xcassets */ = {isa = PBXFileReference; lastKnownFileType = folder.assetcatalog; path = "Preview Assets.xcassets"; sourceTree = "<group>"; };
		F57D4A0A2A9232A300CDF76B /* QuestionModel.swift */ = {isa = PBXFileReference; lastKnownFileType = sourcecode.swift; path = QuestionModel.swift; sourceTree = "<group>"; };
		F57D4A0E2A92352400CDF76B /* GamePlayViewModel.swift */ = {isa = PBXFileReference; lastKnownFileType = sourcecode.swift; path = GamePlayViewModel.swift; sourceTree = "<group>"; };
		F57D4A102A92391700CDF76B /* ButtonPlayView.swift */ = {isa = PBXFileReference; lastKnownFileType = sourcecode.swift; path = ButtonPlayView.swift; sourceTree = "<group>"; };
		F57D4A122A923F2400CDF76B /* QuestionView.swift */ = {isa = PBXFileReference; lastKnownFileType = sourcecode.swift; path = QuestionView.swift; sourceTree = "<group>"; };
		F57D4A142A923FC800CDF76B /* AnswerView.swift */ = {isa = PBXFileReference; lastKnownFileType = sourcecode.swift; path = AnswerView.swift; sourceTree = "<group>"; };
		F57D4A162A92407300CDF76B /* ListQuestionView.swift */ = {isa = PBXFileReference; lastKnownFileType = sourcecode.swift; path = ListQuestionView.swift; sourceTree = "<group>"; };
		F57D4A182A9240DB00CDF76B /* PopupCorrectAnswerView.swift */ = {isa = PBXFileReference; lastKnownFileType = sourcecode.swift; path = PopupCorrectAnswerView.swift; sourceTree = "<group>"; };
		F57D4A1A2A9240FA00CDF76B /* PopupWrongAnswerView.swift */ = {isa = PBXFileReference; lastKnownFileType = sourcecode.swift; path = PopupWrongAnswerView.swift; sourceTree = "<group>"; };
		F57D4A1C2A92414100CDF76B /* PopupFinished.swift */ = {isa = PBXFileReference; lastKnownFileType = sourcecode.swift; path = PopupFinished.swift; sourceTree = "<group>"; };
		F57D4A1E2A9241AF00CDF76B /* PopupReplayGame.swift */ = {isa = PBXFileReference; lastKnownFileType = sourcecode.swift; path = PopupReplayGame.swift; sourceTree = "<group>"; };
		F57D4A202A9241E100CDF76B /* PopupGuidance.swift */ = {isa = PBXFileReference; lastKnownFileType = sourcecode.swift; path = PopupGuidance.swift; sourceTree = "<group>"; };
		F57D4A232A92422200CDF76B /* DTDropTarget.swift */ = {isa = PBXFileReference; lastKnownFileType = sourcecode.swift; path = DTDropTarget.swift; sourceTree = "<group>"; };
		F5A86B3A2A8F6A3A0078282A /* ImageWithAnimation.swift */ = {isa = PBXFileReference; lastKnownFileType = sourcecode.swift; path = ImageWithAnimation.swift; sourceTree = "<group>"; };
/* End PBXFileReference section */

/* Begin PBXFrameworksBuildPhase section */
		F5591C6429E2DD860011A1E8 /* Frameworks */ = {
			isa = PBXFrameworksBuildPhase;
			buildActionMask = 2147483647;
			files = (
			);
			runOnlyForDeploymentPostprocessing = 0;
		};
/* End PBXFrameworksBuildPhase section */

/* Begin PBXGroup section */
		F526ED492A92274E00D78597 /* View */ = {
			isa = PBXGroup;
			children = (
				F5A86B3A2A8F6A3A0078282A /* ImageWithAnimation.swift */,
				F57D4A102A92391700CDF76B /* ButtonPlayView.swift */,
			);
			path = View;
			sourceTree = "<group>";
		};
		F526ED4A2A92278A00D78597 /* ViewModel */ = {
			isa = PBXGroup;
			children = (
				F526ED4B2A9227B200D78597 /* WelcomeViewModel.swift */,
			);
			path = ViewModel;
			sourceTree = "<group>";
		};
		F526ED4D2A922CE400D78597 /* View */ = {
			isa = PBXGroup;
			children = (
				F57D4A122A923F2400CDF76B /* QuestionView.swift */,
				F57D4A142A923FC800CDF76B /* AnswerView.swift */,
				F57D4A162A92407300CDF76B /* ListQuestionView.swift */,
				F57D4A182A9240DB00CDF76B /* PopupCorrectAnswerView.swift */,
				F57D4A1A2A9240FA00CDF76B /* PopupWrongAnswerView.swift */,
				F57D4A1C2A92414100CDF76B /* PopupFinished.swift */,
				F57D4A1E2A9241AF00CDF76B /* PopupReplayGame.swift */,
				F57D4A202A9241E100CDF76B /* PopupGuidance.swift */,
			);
			path = View;
			sourceTree = "<group>";
		};
		F526ED4E2A922D0800D78597 /* ViewModel */ = {
			isa = PBXGroup;
			children = (
				F57D4A0E2A92352400CDF76B /* GamePlayViewModel.swift */,
			);
			path = ViewModel;
			sourceTree = "<group>";
		};
		F526ED4F2A922DA800D78597 /* Model */ = {
			isa = PBXGroup;
			children = (
				F57D4A0A2A9232A300CDF76B /* QuestionModel.swift */,
			);
			path = Model;
			sourceTree = "<group>";
		};
		F5591C5E29E2DD860011A1E8 = {
			isa = PBXGroup;
			children = (
				F5591C6929E2DD860011A1E8 /* MCOne */,
				F5591C6829E2DD860011A1E8 /* Products */,
			);
			sourceTree = "<group>";
		};
		F5591C6829E2DD860011A1E8 /* Products */ = {
			isa = PBXGroup;
			children = (
				F5591C6729E2DD860011A1E8 /* MCOne.app */,
			);
			name = Products;
			sourceTree = "<group>";
		};
		F5591C6929E2DD860011A1E8 /* MCOne */ = {
			isa = PBXGroup;
			children = (
				F5A86B352A8F664B0078282A /* Application */,
				F5591C6A29E2DD860011A1E8 /* MCOneApp.swift */,
				F55116BB29E56BB60059100D /* WinningScreen.swift */,
				F5591C6C29E2DD860011A1E8 /* ContentView.swift */,
				F5591C6E29E2DD870011A1E8 /* Assets.xcassets */,
				F5591C7029E2DD870011A1E8 /* Preview Content */,
			);
			path = MCOne;
			sourceTree = "<group>";
		};
		F5591C7029E2DD870011A1E8 /* Preview Content */ = {
			isa = PBXGroup;
			children = (
				F5591C7129E2DD870011A1E8 /* Preview Assets.xcassets */,
			);
			path = "Preview Content";
			sourceTree = "<group>";
		};
		F57D4A222A92420B00CDF76B /* Utils */ = {
			isa = PBXGroup;
			children = (
				F57D4A232A92422200CDF76B /* DTDropTarget.swift */,
			);
			path = Utils;
			sourceTree = "<group>";
		};
		F5A86B352A8F664B0078282A /* Application */ = {
			isa = PBXGroup;
			children = (
				F57D4A222A92420B00CDF76B /* Utils */,
				F5A86B362A8F66B70078282A /* Screens */,
			);
			path = Application;
			sourceTree = "<group>";
		};
		F5A86B362A8F66B70078282A /* Screens */ = {
			isa = PBXGroup;
			children = (
				F5A86B392A8F69B10078282A /* Winning */,
				F5A86B382A8F69930078282A /* GamePlay */,
				F5A86B372A8F69860078282A /* Welcome */,
			);
			path = Screens;
			sourceTree = "<group>";
		};
		F5A86B372A8F69860078282A /* Welcome */ = {
			isa = PBXGroup;
			children = (
				F526ED4A2A92278A00D78597 /* ViewModel */,
				F526ED492A92274E00D78597 /* View */,
				F55116BD29E571270059100D /* WelcomeScreen.swift */,
			);
			path = Welcome;
			sourceTree = "<group>";
		};
		F5A86B382A8F69930078282A /* GamePlay */ = {
			isa = PBXGroup;
			children = (
				F526ED4F2A922DA800D78597 /* Model */,
				F526ED4E2A922D0800D78597 /* ViewModel */,
				F526ED4D2A922CE400D78597 /* View */,
			);
			path = GamePlay;
			sourceTree = "<group>";
		};
		F5A86B392A8F69B10078282A /* Winning */ = {
			isa = PBXGroup;
			children = (
			);
			path = Winning;
			sourceTree = "<group>";
		};
/* End PBXGroup section */

/* Begin PBXNativeTarget section */
		F5591C6629E2DD860011A1E8 /* MCOne */ = {
			isa = PBXNativeTarget;
			buildConfigurationList = F5591C7529E2DD870011A1E8 /* Build configuration list for PBXNativeTarget "MCOne" */;
			buildPhases = (
				F5591C6329E2DD860011A1E8 /* Sources */,
				F5591C6429E2DD860011A1E8 /* Frameworks */,
				F5591C6529E2DD860011A1E8 /* Resources */,
			);
			buildRules = (
			);
			dependencies = (
			);
			name = MCOne;
			productName = MCOne;
			productReference = F5591C6729E2DD860011A1E8 /* MCOne.app */;
			productType = "com.apple.product-type.application";
		};
/* End PBXNativeTarget section */

/* Begin PBXProject section */
		F5591C5F29E2DD860011A1E8 /* Project object */ = {
			isa = PBXProject;
			attributes = {
				BuildIndependentTargetsInParallel = 1;
				LastSwiftUpdateCheck = 1420;
				LastUpgradeCheck = 1420;
				TargetAttributes = {
					F5591C6629E2DD860011A1E8 = {
						CreatedOnToolsVersion = 14.2;
					};
				};
			};
			buildConfigurationList = F5591C6229E2DD860011A1E8 /* Build configuration list for PBXProject "MCOne" */;
			compatibilityVersion = "Xcode 14.0";
			developmentRegion = en;
			hasScannedForEncodings = 0;
			knownRegions = (
				en,
				Base,
			);
			mainGroup = F5591C5E29E2DD860011A1E8;
			productRefGroup = F5591C6829E2DD860011A1E8 /* Products */;
			projectDirPath = "";
			projectRoot = "";
			targets = (
				F5591C6629E2DD860011A1E8 /* MCOne */,
			);
		};
/* End PBXProject section */

/* Begin PBXResourcesBuildPhase section */
		F5591C6529E2DD860011A1E8 /* Resources */ = {
			isa = PBXResourcesBuildPhase;
			buildActionMask = 2147483647;
			files = (
				F5591C7229E2DD870011A1E8 /* Preview Assets.xcassets in Resources */,
				F5591C6F29E2DD870011A1E8 /* Assets.xcassets in Resources */,
			);
			runOnlyForDeploymentPostprocessing = 0;
		};
/* End PBXResourcesBuildPhase section */

/* Begin PBXSourcesBuildPhase section */
		F5591C6329E2DD860011A1E8 /* Sources */ = {
			isa = PBXSourcesBuildPhase;
			buildActionMask = 2147483647;
			files = (
				F57D4A1D2A92414100CDF76B /* PopupFinished.swift in Sources */,
				F57D4A132A923F2400CDF76B /* QuestionView.swift in Sources */,
				F57D4A0B2A9232A300CDF76B /* QuestionModel.swift in Sources */,
				F5591C6D29E2DD860011A1E8 /* ContentView.swift in Sources */,
				F526ED4C2A9227B200D78597 /* WelcomeViewModel.swift in Sources */,
				F57D4A192A9240DB00CDF76B /* PopupCorrectAnswerView.swift in Sources */,
				F57D4A1B2A9240FA00CDF76B /* PopupWrongAnswerView.swift in Sources */,
				F57D4A112A92391700CDF76B /* ButtonPlayView.swift in Sources */,
				F55116BC29E56BB60059100D /* WinningScreen.swift in Sources */,
				F5A86B3B2A8F6A3A0078282A /* ImageWithAnimation.swift in Sources */,
				F57D4A152A923FC800CDF76B /* AnswerView.swift in Sources */,
				F57D4A1F2A9241AF00CDF76B /* PopupReplayGame.swift in Sources */,
				F57D4A172A92407300CDF76B /* ListQuestionView.swift in Sources */,
				F57D4A242A92422200CDF76B /* DTDropTarget.swift in Sources */,
				F55116BE29E571270059100D /* WelcomeScreen.swift in Sources */,
				F57D4A0F2A92352400CDF76B /* GamePlayViewModel.swift in Sources */,
				F57D4A212A9241E100CDF76B /* PopupGuidance.swift in Sources */,
				F5591C6B29E2DD860011A1E8 /* MCOneApp.swift in Sources */,
			);
			runOnlyForDeploymentPostprocessing = 0;
		};
/* End PBXSourcesBuildPhase section */

/* Begin XCBuildConfiguration section */
		F5591C7329E2DD870011A1E8 /* Debug */ = {
			isa = XCBuildConfiguration;
			buildSettings = {
				ALWAYS_SEARCH_USER_PATHS = NO;
				CLANG_ANALYZER_NONNULL = YES;
				CLANG_ANALYZER_NUMBER_OBJECT_CONVERSION = YES_AGGRESSIVE;
				CLANG_CXX_LANGUAGE_STANDARD = "gnu++20";
				CLANG_ENABLE_MODULES = YES;
				CLANG_ENABLE_OBJC_ARC = YES;
				CLANG_ENABLE_OBJC_WEAK = YES;
				CLANG_WARN_BLOCK_CAPTURE_AUTORELEASING = YES;
				CLANG_WARN_BOOL_CONVERSION = YES;
				CLANG_WARN_COMMA = YES;
				CLANG_WARN_CONSTANT_CONVERSION = YES;
				CLANG_WARN_DEPRECATED_OBJC_IMPLEMENTATIONS = YES;
				CLANG_WARN_DIRECT_OBJC_ISA_USAGE = YES_ERROR;
				CLANG_WARN_DOCUMENTATION_COMMENTS = YES;
				CLANG_WARN_EMPTY_BODY = YES;
				CLANG_WARN_ENUM_CONVERSION = YES;
				CLANG_WARN_INFINITE_RECURSION = YES;
				CLANG_WARN_INT_CONVERSION = YES;
				CLANG_WARN_NON_LITERAL_NULL_CONVERSION = YES;
				CLANG_WARN_OBJC_IMPLICIT_RETAIN_SELF = YES;
				CLANG_WARN_OBJC_LITERAL_CONVERSION = YES;
				CLANG_WARN_OBJC_ROOT_CLASS = YES_ERROR;
				CLANG_WARN_QUOTED_INCLUDE_IN_FRAMEWORK_HEADER = YES;
				CLANG_WARN_RANGE_LOOP_ANALYSIS = YES;
				CLANG_WARN_STRICT_PROTOTYPES = YES;
				CLANG_WARN_SUSPICIOUS_MOVE = YES;
				CLANG_WARN_UNGUARDED_AVAILABILITY = YES_AGGRESSIVE;
				CLANG_WARN_UNREACHABLE_CODE = YES;
				CLANG_WARN__DUPLICATE_METHOD_MATCH = YES;
				COPY_PHASE_STRIP = NO;
				DEBUG_INFORMATION_FORMAT = dwarf;
				ENABLE_STRICT_OBJC_MSGSEND = YES;
				ENABLE_TESTABILITY = YES;
				GCC_C_LANGUAGE_STANDARD = gnu11;
				GCC_DYNAMIC_NO_PIC = NO;
				GCC_NO_COMMON_BLOCKS = YES;
				GCC_OPTIMIZATION_LEVEL = 0;
				GCC_PREPROCESSOR_DEFINITIONS = (
					"DEBUG=1",
					"$(inherited)",
				);
				GCC_WARN_64_TO_32_BIT_CONVERSION = YES;
				GCC_WARN_ABOUT_RETURN_TYPE = YES_ERROR;
				GCC_WARN_UNDECLARED_SELECTOR = YES;
				GCC_WARN_UNINITIALIZED_AUTOS = YES_AGGRESSIVE;
				GCC_WARN_UNUSED_FUNCTION = YES;
				GCC_WARN_UNUSED_VARIABLE = YES;
				IPHONEOS_DEPLOYMENT_TARGET = 16.2;
				MTL_ENABLE_DEBUG_INFO = INCLUDE_SOURCE;
				MTL_FAST_MATH = YES;
				ONLY_ACTIVE_ARCH = YES;
				SDKROOT = iphoneos;
				SWIFT_ACTIVE_COMPILATION_CONDITIONS = DEBUG;
				SWIFT_OPTIMIZATION_LEVEL = "-Onone";
			};
			name = Debug;
		};
		F5591C7429E2DD870011A1E8 /* Release */ = {
			isa = XCBuildConfiguration;
			buildSettings = {
				ALWAYS_SEARCH_USER_PATHS = NO;
				CLANG_ANALYZER_NONNULL = YES;
				CLANG_ANALYZER_NUMBER_OBJECT_CONVERSION = YES_AGGRESSIVE;
				CLANG_CXX_LANGUAGE_STANDARD = "gnu++20";
				CLANG_ENABLE_MODULES = YES;
				CLANG_ENABLE_OBJC_ARC = YES;
				CLANG_ENABLE_OBJC_WEAK = YES;
				CLANG_WARN_BLOCK_CAPTURE_AUTORELEASING = YES;
				CLANG_WARN_BOOL_CONVERSION = YES;
				CLANG_WARN_COMMA = YES;
				CLANG_WARN_CONSTANT_CONVERSION = YES;
				CLANG_WARN_DEPRECATED_OBJC_IMPLEMENTATIONS = YES;
				CLANG_WARN_DIRECT_OBJC_ISA_USAGE = YES_ERROR;
				CLANG_WARN_DOCUMENTATION_COMMENTS = YES;
				CLANG_WARN_EMPTY_BODY = YES;
				CLANG_WARN_ENUM_CONVERSION = YES;
				CLANG_WARN_INFINITE_RECURSION = YES;
				CLANG_WARN_INT_CONVERSION = YES;
				CLANG_WARN_NON_LITERAL_NULL_CONVERSION = YES;
				CLANG_WARN_OBJC_IMPLICIT_RETAIN_SELF = YES;
				CLANG_WARN_OBJC_LITERAL_CONVERSION = YES;
				CLANG_WARN_OBJC_ROOT_CLASS = YES_ERROR;
				CLANG_WARN_QUOTED_INCLUDE_IN_FRAMEWORK_HEADER = YES;
				CLANG_WARN_RANGE_LOOP_ANALYSIS = YES;
				CLANG_WARN_STRICT_PROTOTYPES = YES;
				CLANG_WARN_SUSPICIOUS_MOVE = YES;
				CLANG_WARN_UNGUARDED_AVAILABILITY = YES_AGGRESSIVE;
				CLANG_WARN_UNREACHABLE_CODE = YES;
				CLANG_WARN__DUPLICATE_METHOD_MATCH = YES;
				COPY_PHASE_STRIP = NO;
				DEBUG_INFORMATION_FORMAT = "dwarf-with-dsym";
				ENABLE_NS_ASSERTIONS = NO;
				ENABLE_STRICT_OBJC_MSGSEND = YES;
				GCC_C_LANGUAGE_STANDARD = gnu11;
				GCC_NO_COMMON_BLOCKS = YES;
				GCC_WARN_64_TO_32_BIT_CONVERSION = YES;
				GCC_WARN_ABOUT_RETURN_TYPE = YES_ERROR;
				GCC_WARN_UNDECLARED_SELECTOR = YES;
				GCC_WARN_UNINITIALIZED_AUTOS = YES_AGGRESSIVE;
				GCC_WARN_UNUSED_FUNCTION = YES;
				GCC_WARN_UNUSED_VARIABLE = YES;
				IPHONEOS_DEPLOYMENT_TARGET = 16.2;
				MTL_ENABLE_DEBUG_INFO = NO;
				MTL_FAST_MATH = YES;
				SDKROOT = iphoneos;
				SWIFT_COMPILATION_MODE = wholemodule;
				SWIFT_OPTIMIZATION_LEVEL = "-O";
				VALIDATE_PRODUCT = YES;
			};
			name = Release;
		};
		F5591C7629E2DD870011A1E8 /* Debug */ = {
			isa = XCBuildConfiguration;
			buildSettings = {
				ASSETCATALOG_COMPILER_APPICON_NAME = AppIcon;
				ASSETCATALOG_COMPILER_GLOBAL_ACCENT_COLOR_NAME = AccentColor;
				CODE_SIGN_IDENTITY = "Apple Development";
				CODE_SIGN_STYLE = Automatic;
				CURRENT_PROJECT_VERSION = 1;
				DEVELOPMENT_ASSET_PATHS = "\"MCOne/Preview Content\"";
				DEVELOPMENT_TEAM = L6M3PA6N3B;
				ENABLE_PREVIEWS = YES;
				GENERATE_INFOPLIST_FILE = YES;
				INFOPLIST_KEY_CFBundleDisplayName = "Astro Arithmetic";
				INFOPLIST_KEY_UIApplicationSceneManifest_Generation = YES;
				INFOPLIST_KEY_UIApplicationSupportsIndirectInputEvents = YES;
				INFOPLIST_KEY_UILaunchScreen_Generation = YES;
				INFOPLIST_KEY_UIRequiresFullScreen = NO;
				INFOPLIST_KEY_UIStatusBarStyle = UIStatusBarStyleDarkContent;
				INFOPLIST_KEY_UISupportedInterfaceOrientations = "UIInterfaceOrientationLandscapeLeft UIInterfaceOrientationLandscapeRight";
				INFOPLIST_KEY_UISupportedInterfaceOrientations_iPad = UIInterfaceOrientationLandscapeRight;
				IPHONEOS_DEPLOYMENT_TARGET = 16.0;
				LD_RUNPATH_SEARCH_PATHS = (
					"$(inherited)",
					"@executable_path/Frameworks",
				);
				MARKETING_VERSION = 1.0;
				PRODUCT_BUNDLE_IDENTIFIER = ada.MCOne;
				PRODUCT_NAME = "$(TARGET_NAME)";
				PROVISIONING_PROFILE_SPECIFIER = "";
				SUPPORTED_PLATFORMS = "iphoneos iphonesimulator";
				SUPPORTS_MACCATALYST = NO;
				SUPPORTS_MAC_DESIGNED_FOR_IPHONE_IPAD = NO;
				SWIFT_EMIT_LOC_STRINGS = YES;
				SWIFT_VERSION = 5.0;
				TARGETED_DEVICE_FAMILY = 1;
			};
			name = Debug;
		};
		F5591C7729E2DD870011A1E8 /* Release */ = {
			isa = XCBuildConfiguration;
			buildSettings = {
				ASSETCATALOG_COMPILER_APPICON_NAME = AppIcon;
				ASSETCATALOG_COMPILER_GLOBAL_ACCENT_COLOR_NAME = AccentColor;
				CODE_SIGN_IDENTITY = "Apple Development";
				CODE_SIGN_STYLE = Automatic;
				CURRENT_PROJECT_VERSION = 1;
				DEVELOPMENT_ASSET_PATHS = "\"MCOne/Preview Content\"";
				DEVELOPMENT_TEAM = L6M3PA6N3B;
				ENABLE_PREVIEWS = YES;
				GENERATE_INFOPLIST_FILE = YES;
				INFOPLIST_KEY_CFBundleDisplayName = "Astro Arithmetic";
				INFOPLIST_KEY_UIApplicationSceneManifest_Generation = YES;
				INFOPLIST_KEY_UIApplicationSupportsIndirectInputEvents = YES;
				INFOPLIST_KEY_UILaunchScreen_Generation = YES;
				INFOPLIST_KEY_UIRequiresFullScreen = NO;
				INFOPLIST_KEY_UIStatusBarStyle = UIStatusBarStyleDarkContent;
				INFOPLIST_KEY_UISupportedInterfaceOrientations = "UIInterfaceOrientationLandscapeLeft UIInterfaceOrientationLandscapeRight";
				INFOPLIST_KEY_UISupportedInterfaceOrientations_iPad = UIInterfaceOrientationLandscapeRight;
				IPHONEOS_DEPLOYMENT_TARGET = 16.0;
				LD_RUNPATH_SEARCH_PATHS = (
					"$(inherited)",
					"@executable_path/Frameworks",
				);
				MARKETING_VERSION = 1.0;
				PRODUCT_BUNDLE_IDENTIFIER = ada.MCOne;
				PRODUCT_NAME = "$(TARGET_NAME)";
				PROVISIONING_PROFILE_SPECIFIER = "";
				SUPPORTED_PLATFORMS = "iphoneos iphonesimulator";
				SUPPORTS_MACCATALYST = NO;
				SUPPORTS_MAC_DESIGNED_FOR_IPHONE_IPAD = NO;
				SWIFT_EMIT_LOC_STRINGS = YES;
				SWIFT_VERSION = 5.0;
				TARGETED_DEVICE_FAMILY = 1;
			};
			name = Release;
		};
/* End XCBuildConfiguration section */

/* Begin XCConfigurationList section */
		F5591C6229E2DD860011A1E8 /* Build configuration list for PBXProject "MCOne" */ = {
			isa = XCConfigurationList;
			buildConfigurations = (
				F5591C7329E2DD870011A1E8 /* Debug */,
				F5591C7429E2DD870011A1E8 /* Release */,
			);
			defaultConfigurationIsVisible = 0;
			defaultConfigurationName = Release;
		};
		F5591C7529E2DD870011A1E8 /* Build configuration list for PBXNativeTarget "MCOne" */ = {
			isa = XCConfigurationList;
			buildConfigurations = (
				F5591C7629E2DD870011A1E8 /* Debug */,
				F5591C7729E2DD870011A1E8 /* Release */,
			);
			defaultConfigurationIsVisible = 0;
			defaultConfigurationName = Release;
		};
/* End XCConfigurationList section */
	};
	rootObject = F5591C5F29E2DD860011A1E8 /* Project object */;
}
